{
  "version": 4,
  "terraform_version": "1.6.2",
  "serial": 3,
  "lineage": "d2056568-0bd7-93a3-7226-9ac463ca98a6",
  "outputs": {},
  "resources": [
    {
      "mode": "managed",
      "type": "docker_image",
      "name": "backend",
      "provider": "provider[\"registry.terraform.io/kreuzwerker/docker\"]",
      "instances": [
        {
          "schema_version": 0,
          "attributes": {
            "build": [],
            "force_remove": null,
            "id": "sha256:9369a4a8069a235728caedd4cda816161ef33a51a59a6591662972b18463188cdebian:bullseye",
            "image_id": "sha256:9369a4a8069a235728caedd4cda816161ef33a51a59a6591662972b18463188c",
            "keep_locally": null,
            "name": "debian:bullseye",
            "platform": null,
            "pull_triggers": null,
            "repo_digest": "debian@sha256:c141beaa9e0767774221cc82efe3a6712a1cc4f75d2699334dfd9a28a6f7357b",
            "triggers": null
          },
          "sensitive_attributes": [],
          "private": "bnVsbA=="
        }
      ]
    }
  ],
  "check_results": null
}
